<?xml version="1.0" encoding="utf-8"?>
<Project ToolsVersion="4.0" xmlns="http://schemas.microsoft.com/developer/msbuild/2003">
  <ItemGroup>
    <Filter Include="源文件">
      <UniqueIdentifier>{4FC737F1-C7A5-4376-A066-2A32D752A2FF}</UniqueIdentifier>
      <Extensions>cpp;c;cc;cxx;c++;cppm;ixx;def;odl;idl;hpj;bat;asm;asmx</Extensions>
    </Filter>
    <Filter Include="头文件">
      <UniqueIdentifier>{93995380-89BD-4b04-88EB-625FBE52EBFB}</UniqueIdentifier>
      <Extensions>h;hh;hpp;hxx;h++;hm;inl;inc;ipp;xsd</Extensions>
    </Filter>
    <Filter Include="资源文件">
      <UniqueIdentifier>{67DA6AB6-F800-4c08-8B7A-83BB121AAD01}</UniqueIdentifier>
      <Extensions>rc;ico;cur;bmp;dlg;rc2;rct;bin;rgs;gif;jpg;jpeg;jpe;resx;tiff;tif;png;wav;mfcribbon-ms</Extensions>
    </Filter>
  </ItemGroup>
  <ItemGroup>
    <ClInclude Include="RenderPipeline.h">
      <Filter>头文件</Filter>
    </ClInclude>
    <ClInclude Include="RenderFlow.h">
      <Filter>头文件</Filter>
    </ClInclude>
    <ClInclude Include="GlobalDSManager.h">
      <Filter>头文件</Filter>
    </ClInclude>
    <ClInclude Include="PipelineSceneData.h">
      <Filter>头文件</Filter>
    </ClInclude>
    <ClInclude Include="PipelineUBO.h">
      <Filter>头文件</Filter>
    </ClInclude>
    <ClInclude Include="RenderStage.h">
      <Filter>头文件</Filter>
    </ClInclude>
    <ClInclude Include="GeometryRenderer.h">
      <Filter>头文件</Filter>
    </ClInclude>
    <ClInclude Include="CSMLayers.h">
      <Filter>头文件</Filter>
    </ClInclude>
    <ClInclude Include="UIPhase.h">
      <Filter>头文件</Filter>
    </ClInclude>
    <ClInclude Include="DeferredPipeline.h">
      <Filter>头文件</Filter>
    </ClInclude>
    <ClInclude Include="ClusterLightCulling.h">
      <Filter>头文件</Filter>
    </ClInclude>
    <ClInclude Include="ForwardPipeline.h">
      <Filter>头文件</Filter>
    </ClInclude>
    <ClInclude Include="RenderInterfaceTypes.h">
      <Filter>头文件</Filter>
    </ClInclude>
    <ClInclude Include="NativePipelineTypes.h">
      <Filter>头文件</Filter>
    </ClInclude>
    <ClInclude Include="RenderCommonTypes.h">
      <Filter>头文件</Filter>
    </ClInclude>
    <ClInclude Include="RenderGraphTypes.h">
      <Filter>头文件</Filter>
    </ClInclude>
    <ClInclude Include="LayoutGraphTypes.h">
      <Filter>头文件</Filter>
    </ClInclude>
  </ItemGroup>
  <ItemGroup>
    <ClCompile Include="RenderPipeline.cpp">
      <Filter>源文件</Filter>
    </ClCompile>
    <ClCompile Include="Define.h">
      <Filter>头文件</Filter>
    </ClCompile>
    <ClCompile Include="RenderFlow.cpp">
      <Filter>源文件</Filter>
    </ClCompile>
    <ClCompile Include="GlobalDSManager.cpp">
      <Filter>源文件</Filter>
    </ClCompile>
    <ClCompile Include="PipelineSceneData.cpp">
      <Filter>源文件</Filter>
    </ClCompile>
    <ClCompile Include="PipelineUBO.cpp">
      <Filter>源文件</Filter>
    </ClCompile>
    <ClCompile Include="RenderStage.cpp">
      <Filter>源文件</Filter>
    </ClCompile>
    <ClCompile Include="GeometryRenderer.cpp">
      <Filter>源文件</Filter>
    </ClCompile>
    <ClCompile Include="CSMLayers.cpp">
      <Filter>源文件</Filter>
    </ClCompile>
    <ClCompile Include="UIPhase.cpp">
      <Filter>源文件</Filter>
    </ClCompile>
    <ClCompile Include="DeferredPipeline.cpp">
      <Filter>源文件</Filter>
    </ClCompile>
    <ClCompile Include="ClusterLightCulling.cpp">
      <Filter>源文件</Filter>
    </ClCompile>
    <ClCompile Include="ForwardPipeline.cpp">
      <Filter>源文件</Filter>
    </ClCompile>
    <ClCompile Include="RenderInterfaceTypes.cpp">
      <Filter>源文件</Filter>
    </ClCompile>
    <ClCompile Include="NativePipelineTypes.cpp">
      <Filter>源文件</Filter>
    </ClCompile>
    <ClCompile Include="RenderCommonTypes.cpp">
      <Filter>源文件</Filter>
    </ClCompile>
    <ClCompile Include="RenderGraphTypes.cpp">
      <Filter>源文件</Filter>
    </ClCompile>
    <ClCompile Include="LayoutGraphTypes.cpp">
      <Filter>源文件</Filter>
    </ClCompile>
    <ClCompile Include="Define.cpp">
      <Filter>源文件</Filter>
    </ClCompile>
  </ItemGroup>
</Project>