<?xml version="1.0" encoding="utf-8"?>
<Project ToolsVersion="4.0" xmlns="http://schemas.microsoft.com/developer/msbuild/2003">
  <ItemGroup>
    <Filter Include="源文件">
      <UniqueIdentifier>{4FC737F1-C7A5-4376-A066-2A32D752A2FF}</UniqueIdentifier>
      <Extensions>cpp;c;cc;cxx;c++;cppm;ixx;def;odl;idl;hpj;bat;asm;asmx</Extensions>
    </Filter>
    <Filter Include="头文件">
      <UniqueIdentifier>{93995380-89BD-4b04-88EB-625FBE52EBFB}</UniqueIdentifier>
      <Extensions>h;hh;hpp;hxx;h++;hm;inl;inc;ipp;xsd</Extensions>
    </Filter>
    <Filter Include="资源文件">
      <UniqueIdentifier>{67DA6AB6-F800-4c08-8B7A-83BB121AAD01}</UniqueIdentifier>
      <Extensions>rc;ico;cur;bmp;dlg;rc2;rct;bin;rgs;gif;jpg;jpeg;jpe;resx;tiff;tif;png;wav;mfcribbon-ms</Extensions>
    </Filter>
  </ItemGroup>
  <ItemGroup>
    <ClInclude Include="glTexture.h">
      <Filter>头文件</Filter>
    </ClInclude>
    <ClInclude Include="glObjects.h">
      <Filter>头文件</Filter>
    </ClInclude>
    <ClInclude Include="glWrangler.h">
      <Filter>头文件</Filter>
    </ClInclude>
    <ClInclude Include="glDevice.h">
      <Filter>头文件</Filter>
    </ClInclude>
    <ClInclude Include="glCommands.h">
      <Filter>头文件</Filter>
    </ClInclude>
    <ClInclude Include="glSwapchain.h">
      <Filter>头文件</Filter>
    </ClInclude>
    <ClInclude Include="glShader.h">
      <Filter>头文件</Filter>
    </ClInclude>
    <ClInclude Include="glBuffer.h">
      <Filter>头文件</Filter>
    </ClInclude>
    <ClInclude Include="glFrameBuffer.h">
      <Filter>头文件</Filter>
    </ClInclude>
    <ClInclude Include="glRenderPass.h">
      <Filter>头文件</Filter>
    </ClInclude>
    <ClInclude Include="glDescriptorSet.h">
      <Filter>头文件</Filter>
    </ClInclude>
    <ClInclude Include="glDescriptorSetLayout.h">
      <Filter>头文件</Filter>
    </ClInclude>
    <ClInclude Include="glPrimaryCommandBuffer.h">
      <Filter>头文件</Filter>
    </ClInclude>
    <ClInclude Include="glQueue.h">
      <Filter>头文件</Filter>
    </ClInclude>
    <ClInclude Include="glCommandBuffer.h">
      <Filter>头文件</Filter>
    </ClInclude>
    <ClInclude Include="glPipelineState.h">
      <Filter>头文件</Filter>
    </ClInclude>
    <ClInclude Include="glInputAssembler.h">
      <Filter>头文件</Filter>
    </ClInclude>
  </ItemGroup>
  <ItemGroup>
    <ClCompile Include="glTexture.cpp">
      <Filter>源文件</Filter>
    </ClCompile>
    <ClCompile Include="glDevice.cpp">
      <Filter>源文件</Filter>
    </ClCompile>
    <ClCompile Include="glCommands.cpp">
      <Filter>源文件</Filter>
    </ClCompile>
    <ClCompile Include="glSwapchain.cpp">
      <Filter>源文件</Filter>
    </ClCompile>
    <ClCompile Include="glShader.cpp">
      <Filter>源文件</Filter>
    </ClCompile>
    <ClCompile Include="glBuffer.cpp">
      <Filter>源文件</Filter>
    </ClCompile>
    <ClCompile Include="glFrameBuffer.cpp">
      <Filter>源文件</Filter>
    </ClCompile>
    <ClCompile Include="glRenderPass.cpp">
      <Filter>源文件</Filter>
    </ClCompile>
    <ClCompile Include="glDescriptorSet.cpp">
      <Filter>源文件</Filter>
    </ClCompile>
    <ClCompile Include="glDescriptorSetLayout.cpp">
      <Filter>源文件</Filter>
    </ClCompile>
    <ClCompile Include="glPrimaryCommandBuffer.cpp">
      <Filter>源文件</Filter>
    </ClCompile>
    <ClCompile Include="glQueue.cpp">
      <Filter>源文件</Filter>
    </ClCompile>
    <ClCompile Include="glCommandBuffer.cpp">
      <Filter>源文件</Filter>
    </ClCompile>
    <ClCompile Include="glPipelineState.cpp">
      <Filter>源文件</Filter>
    </ClCompile>
    <ClCompile Include="glInputAssembler.cpp">
      <Filter>源文件</Filter>
    </ClCompile>
  </ItemGroup>
</Project>